{
    "name": "poker-planning-2",
    "version": "0.0.31",
    "lockfileVersion": 3,
    "requires": true,
    "packages": {
        "": {
            "name": "poker-planning-2",
            "version": "0.0.31",
            "license": "ISC",
            "workspaces": [
                "common"
            ],
            "devDependencies": {
                "minimist": "^1.2.8",
                "simple-git-hooks": "^2.12.1"
            }
        },
        "common": {
            "version": "0.0.0",
            "license": "ISC"
        },
        "node_modules/common": {
            "resolved": "common",
            "link": true
        },
        "node_modules/minimist": {
            "version": "1.2.8",
            "resolved": "https://registry.npmjs.org/minimist/-/minimist-1.2.8.tgz",
            "integrity": "sha512-2yyAR8qBkN3YuheJanUpWC5U3bb5osDywNB8RzDVlDwDHbocAJveqqj1u8+SVD7jkWT4yvsHCpWqqWqAxb0zCA==",
            "dev": true,
            "license": "MIT",
            "funding": {
                "url": "https://github.com/sponsors/ljharb"
            }
        },
        "node_modules/simple-git-hooks": {
            "version": "2.12.1",
            "resolved": "https://registry.npmjs.org/simple-git-hooks/-/simple-git-hooks-2.12.1.tgz",
            "integrity": "sha512-NB3V4XyCOrWTIhjh85DyEoVlM3adHWwqQXKYHmuegy/108bJPP6YxuPGm4ZKBq1+GVKRbKJuzNY//09cMJYp+A==",
            "dev": true,
            "hasInstallScript": true,
            "license": "MIT",
            "bin": {
                "simple-git-hooks": "cli.js"
            }
        }
    }
}
